{
    "_meta": {
        "hash": {
            "sha256": "97d4e86cdf7f2aac5eacb715cc9c09cefb53e06c2c5dffb0ec444a31f5242760"
        },
        "pipfile-spec": 6,
        "requires": {
            "python_version": "3.7"
        },
        "sources": [
            {
                "name": "pypi",
                "url": "https://pypi.org/simple",
                "verify_ssl": true
            }
        ]
    },
    "default": {
        "jieba": {
            "hashes": [
                "sha256:de385e48582a4862e55a9167334d0fbe91d479026e5dac40e59e22c08b8e883e"
            ],
            "index": "pypi",
            "version": "==0.39"
        }
    },
    "develop": {}
}
